// !$*UTF8*$!
{
	archiveVersion = 1;
	classes = {
	};
	objectVersion = 48;
	objects = {

/* Begin PBXBuildFile section */
		42587A882068BEFF0054BEC8 /* Hardware.cpp in Sources */ = {isa = PBXBuildFile; fileRef = 42587A862068BEFF0054BEC8 /* Hardware.cpp */; };
		429C3EBD206500B500915293 /* Mem.cpp in Sources */ = {isa = PBXBuildFile; fileRef = 429C3EBB206500B500915293 /* Mem.cpp */; };
		429C3EC120650CB400915293 /* PSeudo.cpp in Sources */ = {isa = PBXBuildFile; fileRef = 429C3EBF20650CB400915293 /* PSeudo.cpp */; };
		429C3EC62065189C00915293 /* AppKit.framework in Frameworks */ = {isa = PBXBuildFile; fileRef = 429C3EC52065189C00915293 /* AppKit.framework */; };
		42B9957B20626481009B67BE /* R3000A.cpp in Sources */ = {isa = PBXBuildFile; fileRef = 42B9957920626481009B67BE /* R3000A.cpp */; };
		42EBBCD32062482200824B95 /* Main.mm in Sources */ = {isa = PBXBuildFile; fileRef = 42EBBCD22062482200824B95 /* Main.mm */; };
		42EBBCD52062482200824B95 /* Assets.xcassets in Resources */ = {isa = PBXBuildFile; fileRef = 42EBBCD42062482200824B95 /* Assets.xcassets */; };
		42EBBCE42062494200824B95 /* MainMenu.xib in Resources */ = {isa = PBXBuildFile; fileRef = 42EBBCE32062494200824B95 /* MainMenu.xib */; };
/* End PBXBuildFile section */

/* Begin PBXFileReference section */
		420AD1BC2063B8B7006C22D9 /* Global.h */ = {isa = PBXFileReference; lastKnownFileType = sourcecode.c.h; path = Global.h; sourceTree = "<group>"; };
		420AD1C22063BB24006C22D9 /* Global.h */ = {isa = PBXFileReference; lastKnownFileType = sourcecode.c.h; path = Global.h; sourceTree = "<group>"; };
		42587A862068BEFF0054BEC8 /* Hardware.cpp */ = {isa = PBXFileReference; lastKnownFileType = sourcecode.cpp.cpp; path = Hardware.cpp; sourceTree = "<group>"; };
		42587A872068BEFF0054BEC8 /* Hardware.h */ = {isa = PBXFileReference; lastKnownFileType = sourcecode.c.h; path = Hardware.h; sourceTree = "<group>"; };
		429C3EBB206500B500915293 /* Mem.cpp */ = {isa = PBXFileReference; lastKnownFileType = sourcecode.cpp.cpp; path = Mem.cpp; sourceTree = "<group>"; };
		429C3EBC206500B500915293 /* Mem.h */ = {isa = PBXFileReference; lastKnownFileType = sourcecode.c.h; path = Mem.h; sourceTree = "<group>"; };
		429C3EBF20650CB400915293 /* PSeudo.cpp */ = {isa = PBXFileReference; lastKnownFileType = sourcecode.cpp.cpp; path = PSeudo.cpp; sourceTree = "<group>"; };
		429C3EC020650CB400915293 /* PSeudo.h */ = {isa = PBXFileReference; lastKnownFileType = sourcecode.c.h; path = PSeudo.h; sourceTree = "<group>"; };
		429C3EC52065189C00915293 /* AppKit.framework */ = {isa = PBXFileReference; lastKnownFileType = wrapper.framework; name = AppKit.framework; path = System/Library/Frameworks/AppKit.framework; sourceTree = SDKROOT; };
		42B9957920626481009B67BE /* R3000A.cpp */ = {isa = PBXFileReference; fileEncoding = 4; lastKnownFileType = sourcecode.cpp.cpp; path = R3000A.cpp; sourceTree = "<group>"; };
		42B9957A20626481009B67BE /* R3000A.h */ = {isa = PBXFileReference; fileEncoding = 4; lastKnownFileType = sourcecode.c.h; path = R3000A.h; sourceTree = "<group>"; };
		42EBBCCE2062482200824B95 /* PSeudo.app */ = {isa = PBXFileReference; explicitFileType = wrapper.application; includeInIndex = 0; path = PSeudo.app; sourceTree = BUILT_PRODUCTS_DIR; };
		42EBBCD12062482200824B95 /* Main.h */ = {isa = PBXFileReference; lastKnownFileType = sourcecode.c.h; path = Main.h; sourceTree = "<group>"; };
		42EBBCD22062482200824B95 /* Main.mm */ = {isa = PBXFileReference; lastKnownFileType = sourcecode.cpp.objcpp; path = Main.mm; sourceTree = "<group>"; };
		42EBBCD42062482200824B95 /* Assets.xcassets */ = {isa = PBXFileReference; lastKnownFileType = folder.assetcatalog; path = Assets.xcassets; sourceTree = "<group>"; };
		42EBBCD92062482200824B95 /* Info.plist */ = {isa = PBXFileReference; lastKnownFileType = text.plist.xml; path = Info.plist; sourceTree = "<group>"; };
		42EBBCE32062494200824B95 /* MainMenu.xib */ = {isa = PBXFileReference; lastKnownFileType = file.xib; path = MainMenu.xib; sourceTree = "<group>"; };
/* End PBXFileReference section */

/* Begin PBXFrameworksBuildPhase section */
		42EBBCCB2062482200824B95 /* Frameworks */ = {
			isa = PBXFrameworksBuildPhase;
			buildActionMask = 2147483647;
			files = (
				429C3EC62065189C00915293 /* AppKit.framework in Frameworks */,
			);
			runOnlyForDeploymentPostprocessing = 0;
		};
/* End PBXFrameworksBuildPhase section */

/* Begin PBXGroup section */
		420AD1BE2063BA32006C22D9 /* GUI */ = {
			isa = PBXGroup;
			children = (
				420AD1BF2063BA43006C22D9 /* Main */,
				420AD1BC2063B8B7006C22D9 /* Global.h */,
			);
			name = GUI;
			sourceTree = "<group>";
		};
		420AD1BF2063BA43006C22D9 /* Main */ = {
			isa = PBXGroup;
			children = (
				42EBBCD22062482200824B95 /* Main.mm */,
				42EBBCD12062482200824B95 /* Main.h */,
			);
			name = Main;
			sourceTree = "<group>";
		};
		420AD1C12063BB0F006C22D9 /* R3000A */ = {
			isa = PBXGroup;
			children = (
				42B9957920626481009B67BE /* R3000A.cpp */,
				42B9957A20626481009B67BE /* R3000A.h */,
			);
			name = R3000A;
			sourceTree = "<group>";
		};
		42587A892068BF040054BEC8 /* Hardware */ = {
			isa = PBXGroup;
			children = (
				42587A862068BEFF0054BEC8 /* Hardware.cpp */,
				42587A872068BEFF0054BEC8 /* Hardware.h */,
			);
			name = Hardware;
			sourceTree = "<group>";
		};
		429C3EBA2064FDC500915293 /* Mem */ = {
			isa = PBXGroup;
			children = (
				429C3EBB206500B500915293 /* Mem.cpp */,
				429C3EBC206500B500915293 /* Mem.h */,
			);
			name = Mem;
			sourceTree = "<group>";
		};
		429C3EBE20650C9B00915293 /* PSeudo */ = {
			isa = PBXGroup;
			children = (
				429C3EBF20650CB400915293 /* PSeudo.cpp */,
				429C3EC020650CB400915293 /* PSeudo.h */,
			);
			name = PSeudo;
			sourceTree = "<group>";
		};
		429C3EC22065186800915293 /* Frameworks */ = {
			isa = PBXGroup;
			children = (
				429C3EC52065189C00915293 /* AppKit.framework */,
			);
			name = Frameworks;
			sourceTree = "<group>";
		};
		42B9957820626481009B67BE /* Source */ = {
			isa = PBXGroup;
			children = (
				42587A892068BF040054BEC8 /* Hardware */,
				429C3EBA2064FDC500915293 /* Mem */,
				429C3EBE20650C9B00915293 /* PSeudo */,
				420AD1C12063BB0F006C22D9 /* R3000A */,
				420AD1C22063BB24006C22D9 /* Global.h */,
			);
			name = Source;
			path = ../../Source;
			sourceTree = "<group>";
		};
		42EBBCC52062482200824B95 = {
			isa = PBXGroup;
			children = (
				42B9957820626481009B67BE /* Source */,
				420AD1BE2063BA32006C22D9 /* GUI */,
				42EBBCE22062487F00824B95 /* Resources */,
				429C3EC22065186800915293 /* Frameworks */,
				42EBBCCF2062482200824B95 /* Products */,
			);
			sourceTree = "<group>";
		};
		42EBBCCF2062482200824B95 /* Products */ = {
			isa = PBXGroup;
			children = (
				42EBBCCE2062482200824B95 /* PSeudo.app */,
			);
			name = Products;
			sourceTree = "<group>";
		};
		42EBBCE22062487F00824B95 /* Resources */ = {
			isa = PBXGroup;
			children = (
				42EBBCD42062482200824B95 /* Assets.xcassets */,
				42EBBCE32062494200824B95 /* MainMenu.xib */,
				42EBBCD92062482200824B95 /* Info.plist */,
			);
			name = Resources;
			sourceTree = "<group>";
		};
/* End PBXGroup section */

/* Begin PBXNativeTarget section */
		42EBBCCD2062482200824B95 /* PSeudo */ = {
			isa = PBXNativeTarget;
			buildConfigurationList = 42EBBCDF2062482200824B95 /* Build configuration list for PBXNativeTarget "PSeudo" */;
			buildPhases = (
				42EBBCCA2062482200824B95 /* Sources */,
				42EBBCCB2062482200824B95 /* Frameworks */,
				42EBBCCC2062482200824B95 /* Resources */,
			);
			buildRules = (
			);
			dependencies = (
			);
			name = PSeudo;
			productName = PSeudo;
			productReference = 42EBBCCE2062482200824B95 /* PSeudo.app */;
			productType = "com.apple.product-type.application";
		};
/* End PBXNativeTarget section */

/* Begin PBXProject section */
		42EBBCC62062482200824B95 /* Project object */ = {
			isa = PBXProject;
			attributes = {
				LastUpgradeCheck = 0920;
				ORGANIZATIONNAME = "Dennis Koluris";
				TargetAttributes = {
					42EBBCCD2062482200824B95 = {
						CreatedOnToolsVersion = 9.2;
						ProvisioningStyle = Manual;
					};
				};
			};
			buildConfigurationList = 42EBBCC92062482200824B95 /* Build configuration list for PBXProject "PSeudo" */;
			compatibilityVersion = "Xcode 8.0";
			developmentRegion = en;
			hasScannedForEncodings = 0;
			knownRegions = (
				en,
				Base,
			);
			mainGroup = 42EBBCC52062482200824B95;
			productRefGroup = 42EBBCCF2062482200824B95 /* Products */;
			projectDirPath = "";
			projectRoot = "";
			targets = (
				42EBBCCD2062482200824B95 /* PSeudo */,
			);
		};
/* End PBXProject section */

/* Begin PBXResourcesBuildPhase section */
		42EBBCCC2062482200824B95 /* Resources */ = {
			isa = PBXResourcesBuildPhase;
			buildActionMask = 2147483647;
			files = (
				42EBBCD52062482200824B95 /* Assets.xcassets in Resources */,
				42EBBCE42062494200824B95 /* MainMenu.xib in Resources */,
			);
			runOnlyForDeploymentPostprocessing = 0;
		};
/* End PBXResourcesBuildPhase section */

/* Begin PBXSourcesBuildPhase section */
		42EBBCCA2062482200824B95 /* Sources */ = {
			isa = PBXSourcesBuildPhase;
			buildActionMask = 2147483647;
			files = (
				42587A882068BEFF0054BEC8 /* Hardware.cpp in Sources */,
				429C3EBD206500B500915293 /* Mem.cpp in Sources */,
				42EBBCD32062482200824B95 /* Main.mm in Sources */,
				42B9957B20626481009B67BE /* R3000A.cpp in Sources */,
				429C3EC120650CB400915293 /* PSeudo.cpp in Sources */,
			);
			runOnlyForDeploymentPostprocessing = 0;
		};
/* End PBXSourcesBuildPhase section */

/* Begin XCBuildConfiguration section */
		42EBBCDD2062482200824B95 /* Debug */ = {
			isa = XCBuildConfiguration;
			buildSettings = {
				ALWAYS_SEARCH_USER_PATHS = NO;
				CLANG_ANALYZER_NONNULL = YES;
				CLANG_ANALYZER_NUMBER_OBJECT_CONVERSION = YES_AGGRESSIVE;
				CLANG_CXX_LANGUAGE_STANDARD = "gnu++14";
				CLANG_CXX_LIBRARY = "libc++";
				CLANG_ENABLE_MODULES = YES;
				CLANG_ENABLE_OBJC_ARC = YES;
				CLANG_WARN_BLOCK_CAPTURE_AUTORELEASING = YES;
				CLANG_WARN_BOOL_CONVERSION = YES;
				CLANG_WARN_COMMA = YES;
				CLANG_WARN_CONSTANT_CONVERSION = YES;
				CLANG_WARN_DIRECT_OBJC_ISA_USAGE = YES_ERROR;
				CLANG_WARN_DOCUMENTATION_COMMENTS = YES;
				CLANG_WARN_EMPTY_BODY = YES;
				CLANG_WARN_ENUM_CONVERSION = YES;
				CLANG_WARN_INFINITE_RECURSION = YES;
				CLANG_WARN_INT_CONVERSION = YES;
				CLANG_WARN_NON_LITERAL_NULL_CONVERSION = YES;
				CLANG_WARN_OBJC_LITERAL_CONVERSION = YES;
				CLANG_WARN_OBJC_ROOT_CLASS = YES_ERROR;
				CLANG_WARN_RANGE_LOOP_ANALYSIS = YES;
				CLANG_WARN_STRICT_PROTOTYPES = YES;
				CLANG_WARN_SUSPICIOUS_MOVE = YES;
				CLANG_WARN_UNGUARDED_AVAILABILITY = YES_AGGRESSIVE;
				CLANG_WARN_UNREACHABLE_CODE = YES;
				CLANG_WARN__DUPLICATE_METHOD_MATCH = YES;
				CODE_SIGN_IDENTITY = "-";
				COPY_PHASE_STRIP = NO;
				DEBUG_INFORMATION_FORMAT = dwarf;
				ENABLE_STRICT_OBJC_MSGSEND = YES;
				ENABLE_TESTABILITY = YES;
				GCC_C_LANGUAGE_STANDARD = gnu11;
				GCC_DYNAMIC_NO_PIC = NO;
				GCC_NO_COMMON_BLOCKS = YES;
				GCC_OPTIMIZATION_LEVEL = 0;
				GCC_PREPROCESSOR_DEFINITIONS = (
					"DEBUG=1",
					"$(inherited)",
				);
				GCC_WARN_64_TO_32_BIT_CONVERSION = YES;
				GCC_WARN_ABOUT_RETURN_TYPE = YES_ERROR;
				GCC_WARN_UNDECLARED_SELECTOR = YES;
				GCC_WARN_UNINITIALIZED_AUTOS = YES_AGGRESSIVE;
				GCC_WARN_UNUSED_FUNCTION = YES;
				GCC_WARN_UNUSED_VARIABLE = YES;
				MACOSX_DEPLOYMENT_TARGET = 10.13;
				MTL_ENABLE_DEBUG_INFO = YES;
				ONLY_ACTIVE_ARCH = YES;
				SDKROOT = macosx;
			};
			name = Debug;
		};
		42EBBCDE2062482200824B95 /* Release */ = {
			isa = XCBuildConfiguration;
			buildSettings = {
				ALWAYS_SEARCH_USER_PATHS = NO;
				CLANG_ANALYZER_NONNULL = YES;
				CLANG_ANALYZER_NUMBER_OBJECT_CONVERSION = YES_AGGRESSIVE;
				CLANG_CXX_LANGUAGE_STANDARD = "gnu++14";
				CLANG_CXX_LIBRARY = "libc++";
				CLANG_ENABLE_MODULES = YES;
				CLANG_ENABLE_OBJC_ARC = YES;
				CLANG_WARN_BLOCK_CAPTURE_AUTORELEASING = YES;
				CLANG_WARN_BOOL_CONVERSION = YES;
				CLANG_WARN_COMMA = YES;
				CLANG_WARN_CONSTANT_CONVERSION = YES;
				CLANG_WARN_DIRECT_OBJC_ISA_USAGE = YES_ERROR;
				CLANG_WARN_DOCUMENTATION_COMMENTS = YES;
				CLANG_WARN_EMPTY_BODY = YES;
				CLANG_WARN_ENUM_CONVERSION = YES;
				CLANG_WARN_INFINITE_RECURSION = YES;
				CLANG_WARN_INT_CONVERSION = YES;
				CLANG_WARN_NON_LITERAL_NULL_CONVERSION = YES;
				CLANG_WARN_OBJC_LITERAL_CONVERSION = YES;
				CLANG_WARN_OBJC_ROOT_CLASS = YES_ERROR;
				CLANG_WARN_RANGE_LOOP_ANALYSIS = YES;
				CLANG_WARN_STRICT_PROTOTYPES = YES;
				CLANG_WARN_SUSPICIOUS_MOVE = YES;
				CLANG_WARN_UNGUARDED_AVAILABILITY = YES_AGGRESSIVE;
				CLANG_WARN_UNREACHABLE_CODE = YES;
				CLANG_WARN__DUPLICATE_METHOD_MATCH = YES;
				CODE_SIGN_IDENTITY = "-";
				COPY_PHASE_STRIP = NO;
				DEBUG_INFORMATION_FORMAT = "dwarf-with-dsym";
				ENABLE_NS_ASSERTIONS = NO;
				ENABLE_STRICT_OBJC_MSGSEND = YES;
				GCC_C_LANGUAGE_STANDARD = gnu11;
				GCC_NO_COMMON_BLOCKS = YES;
				GCC_WARN_64_TO_32_BIT_CONVERSION = YES;
				GCC_WARN_ABOUT_RETURN_TYPE = YES_ERROR;
				GCC_WARN_UNDECLARED_SELECTOR = YES;
				GCC_WARN_UNINITIALIZED_AUTOS = YES_AGGRESSIVE;
				GCC_WARN_UNUSED_FUNCTION = YES;
				GCC_WARN_UNUSED_VARIABLE = YES;
				MACOSX_DEPLOYMENT_TARGET = 10.13;
				MTL_ENABLE_DEBUG_INFO = NO;
				SDKROOT = macosx;
			};
			name = Release;
		};
		42EBBCE02062482200824B95 /* Debug */ = {
			isa = XCBuildConfiguration;
			buildSettings = {
				ASSETCATALOG_COMPILER_APPICON_NAME = AppIcon;
				CODE_SIGN_ENTITLEMENTS = "";
				CODE_SIGN_STYLE = Manual;
				COMBINE_HIDPI_IMAGES = YES;
				DEVELOPMENT_TEAM = "";
				INFOPLIST_FILE = Info.plist;
				LD_RUNPATH_SEARCH_PATHS = "$(inherited) @executable_path/../Frameworks";
				MACOSX_DEPLOYMENT_TARGET = 10.7;
				PRODUCT_BUNDLE_IDENTIFIER = com.dkoluris.pseudo;
				PRODUCT_NAME = "$(TARGET_NAME)";
				PROVISIONING_PROFILE_SPECIFIER = "";
			};
			name = Debug;
		};
		42EBBCE12062482200824B95 /* Release */ = {
			isa = XCBuildConfiguration;
			buildSettings = {
				ASSETCATALOG_COMPILER_APPICON_NAME = AppIcon;
				CODE_SIGN_ENTITLEMENTS = "";
				CODE_SIGN_STYLE = Manual;
				COMBINE_HIDPI_IMAGES = YES;
				DEVELOPMENT_TEAM = "";
				INFOPLIST_FILE = Info.plist;
				LD_RUNPATH_SEARCH_PATHS = "$(inherited) @executable_path/../Frameworks";
				MACOSX_DEPLOYMENT_TARGET = 10.7;
				PRODUCT_BUNDLE_IDENTIFIER = com.dkoluris.pseudo;
				PRODUCT_NAME = "$(TARGET_NAME)";
				PROVISIONING_PROFILE_SPECIFIER = "";
			};
			name = Release;
		};
/* End XCBuildConfiguration section */

/* Begin XCConfigurationList section */
		42EBBCC92062482200824B95 /* Build configuration list for PBXProject "PSeudo" */ = {
			isa = XCConfigurationList;
			buildConfigurations = (
				42EBBCDD2062482200824B95 /* Debug */,
				42EBBCDE2062482200824B95 /* Release */,
			);
			defaultConfigurationIsVisible = 0;
			defaultConfigurationName = Release;
		};
		42EBBCDF2062482200824B95 /* Build configuration list for PBXNativeTarget "PSeudo" */ = {
			isa = XCConfigurationList;
			buildConfigurations = (
				42EBBCE02062482200824B95 /* Debug */,
				42EBBCE12062482200824B95 /* Release */,
			);
			defaultConfigurationIsVisible = 0;
			defaultConfigurationName = Release;
		};
/* End XCConfigurationList section */
	};
	rootObject = 42EBBCC62062482200824B95 /* Project object */;
}
