<?xml version="1.0" encoding="utf-8"?>
<Project ToolsVersion="4.0" xmlns="http://schemas.microsoft.com/developer/msbuild/2003">
  <ItemGroup>
    <Filter Include="GUI">
      <UniqueIdentifier>{b15f9f2b-cc2d-433b-b4e9-21debee83199}</UniqueIdentifier>
    </Filter>
    <Filter Include="Source">
      <UniqueIdentifier>{fb263044-bd1c-4d6d-b7d0-17d7c379d33e}</UniqueIdentifier>
    </Filter>
    <Filter Include="Source\Bus">
      <UniqueIdentifier>{f0b5845d-ca0a-453b-902b-32a086b74948}</UniqueIdentifier>
    </Filter>
    <Filter Include="Source\CD">
      <UniqueIdentifier>{9ab8bb73-b3a0-468d-a807-73236e3ebb1d}</UniqueIdentifier>
    </Filter>
    <Filter Include="Source\Counters">
      <UniqueIdentifier>{97297058-c470-4e21-b001-47c005e7647e}</UniqueIdentifier>
    </Filter>
    <Filter Include="Source\Hardware">
      <UniqueIdentifier>{7b71f962-a27d-4c61-a8b6-ee40357f490f}</UniqueIdentifier>
    </Filter>
    <Filter Include="Source\Mem">
      <UniqueIdentifier>{8dbfee9e-c165-4737-af73-6d0e82ee6360}</UniqueIdentifier>
    </Filter>
    <Filter Include="Source\Graphics">
      <UniqueIdentifier>{3f9c83c6-3fdb-4498-a399-22b3b191cfa2}</UniqueIdentifier>
    </Filter>
    <Filter Include="Source\Graphics\Cache">
      <UniqueIdentifier>{da7e2645-a7a9-487f-826b-92f278132341}</UniqueIdentifier>
    </Filter>
    <Filter Include="Source\Graphics\Draw">
      <UniqueIdentifier>{0b906562-496b-45ee-ae1d-bf7f199507bf}</UniqueIdentifier>
    </Filter>
    <Filter Include="Source\Sound">
      <UniqueIdentifier>{ad6ed695-109d-45d0-b1fd-7f1c9560b85d}</UniqueIdentifier>
    </Filter>
    <Filter Include="Source\R3000A">
      <UniqueIdentifier>{d5cbfd3f-3453-489a-8b27-b596eae15225}</UniqueIdentifier>
    </Filter>
    <Filter Include="Source\R3000A\GTE">
      <UniqueIdentifier>{6a0c1d06-72ee-41b3-8f29-a3c99aa4052c}</UniqueIdentifier>
    </Filter>
    <Filter Include="Source\SIO">
      <UniqueIdentifier>{e8af0c97-3fdc-4bcb-950b-b76a4c1b8660}</UniqueIdentifier>
    </Filter>
    <Filter Include="Source\PSeudo">
      <UniqueIdentifier>{9e82197c-cd0b-46bf-935e-e8c2048dd749}</UniqueIdentifier>
    </Filter>
    <Filter Include="GUI\Window">
      <UniqueIdentifier>{f1f56d4e-3318-4aca-a5b1-78af8b3b6753}</UniqueIdentifier>
    </Filter>
    <Filter Include="Source\MDEC">
      <UniqueIdentifier>{f546aaec-220b-48f1-a8bc-403c5c2e9c93}</UniqueIdentifier>
    </Filter>
    <Filter Include="Source\Disc">
      <UniqueIdentifier>{68f57551-b771-4aac-aa4e-982778a91b13}</UniqueIdentifier>
    </Filter>
  </ItemGroup>
  <ItemGroup>
    <ClCompile Include="..\..\Source\Bus.cc">
      <Filter>Source\Bus</Filter>
    </ClCompile>
    <ClCompile Include="..\..\Source\CD.cc">
      <Filter>Source\CD</Filter>
    </ClCompile>
    <ClCompile Include="..\..\Source\Counters.cc">
      <Filter>Source\Counters</Filter>
    </ClCompile>
    <ClCompile Include="..\..\Source\Hardware.cc">
      <Filter>Source\Hardware</Filter>
    </ClCompile>
    <ClCompile Include="..\..\Source\Mem.cc">
      <Filter>Source\Mem</Filter>
    </ClCompile>
    <ClCompile Include="..\..\Source\R3000A.cc">
      <Filter>Source\R3000A</Filter>
    </ClCompile>
    <ClCompile Include="..\..\Source\GTE.cc">
      <Filter>Source\R3000A\GTE</Filter>
    </ClCompile>
    <ClCompile Include="..\..\Source\PSeudo.cc">
      <Filter>Source\PSeudo</Filter>
    </ClCompile>
    <ClCompile Include="..\..\Source\Cache.cc">
      <Filter>Source\Graphics\Cache</Filter>
    </ClCompile>
    <ClCompile Include="..\..\Source\Draw.cc">
      <Filter>Source\Graphics\Draw</Filter>
    </ClCompile>
    <ClCompile Include="..\..\Source\Graphics.cc">
      <Filter>Source\Graphics</Filter>
    </ClCompile>
    <ClCompile Include="..\..\Source\Sound.cc">
      <Filter>Source\Sound</Filter>
    </ClCompile>
    <ClCompile Include="..\..\Source\SIO.cc">
      <Filter>Source\SIO</Filter>
    </ClCompile>
    <ClCompile Include="Window.cpp">
      <Filter>GUI\Window</Filter>
    </ClCompile>
    <ClCompile Include="..\..\Source\Disc.cc">
      <Filter>Source\Disc</Filter>
    </ClCompile>
    <ClCompile Include="..\..\Source\MDEC.cc">
      <Filter>Source\MDEC</Filter>
    </ClCompile>
  </ItemGroup>
  <ItemGroup>
    <ClInclude Include="..\..\Source\Bus.h">
      <Filter>Source\Bus</Filter>
    </ClInclude>
    <ClInclude Include="..\..\Source\CD.h">
      <Filter>Source\CD</Filter>
    </ClInclude>
    <ClInclude Include="..\..\Source\Counters.h">
      <Filter>Source\Counters</Filter>
    </ClInclude>
    <ClInclude Include="..\..\Source\Hardware.h">
      <Filter>Source\Hardware</Filter>
    </ClInclude>
    <ClInclude Include="..\..\Source\Mem.h">
      <Filter>Source\Mem</Filter>
    </ClInclude>
    <ClInclude Include="..\..\Source\R3000A.h">
      <Filter>Source\R3000A</Filter>
    </ClInclude>
    <ClInclude Include="..\..\Source\PSeudo.h">
      <Filter>Source\PSeudo</Filter>
    </ClInclude>
    <ClInclude Include="..\..\Source\Cache.h">
      <Filter>Source\Graphics\Cache</Filter>
    </ClInclude>
    <ClInclude Include="..\..\Source\Draw.h">
      <Filter>Source\Graphics\Draw</Filter>
    </ClInclude>
    <ClInclude Include="..\..\Source\Graphics.h">
      <Filter>Source\Graphics</Filter>
    </ClInclude>
    <ClInclude Include="..\..\Source\Sound.h">
      <Filter>Source\Sound</Filter>
    </ClInclude>
    <ClInclude Include="..\..\Source\SIO.h">
      <Filter>Source\SIO</Filter>
    </ClInclude>
    <ClInclude Include="..\..\Source\Global.h">
      <Filter>Source</Filter>
    </ClInclude>
    <ClInclude Include="Global.h">
      <Filter>GUI</Filter>
    </ClInclude>
    <ClInclude Include="..\..\Source\Disc.h">
      <Filter>Source\Disc</Filter>
    </ClInclude>
    <ClInclude Include="..\..\Source\MDEC.h">
      <Filter>Source\MDEC</Filter>
    </ClInclude>
  </ItemGroup>
</Project>